// !$*UTF8*$!
{
	archiveVersion = 1;
	classes = {
	};
	objectVersion = 46;
	objects = {

/* Begin PBXBuildFile section */
		0D4553981E85511100F967FA /* UIView+Extension.h in Headers */ = {isa = PBXBuildFile; fileRef = 0D4553961E85511100F967FA /* UIView+Extension.h */; settings = {ATTRIBUTES = (Public, ); }; };
		0D4553991E85511100F967FA /* UIView+Extension.m in Sources */ = {isa = PBXBuildFile; fileRef = 0D4553971E85511100F967FA /* UIView+Extension.m */; };
		0D45539C1E85514700F967FA /* UIColor+Extension.h in Headers */ = {isa = PBXBuildFile; fileRef = 0D45539A1E85514700F967FA /* UIColor+Extension.h */; settings = {ATTRIBUTES = (Public, ); }; };
		0D45539D1E85514700F967FA /* UIColor+Extension.m in Sources */ = {isa = PBXBuildFile; fileRef = 0D45539B1E85514700F967FA /* UIColor+Extension.m */; };
		0D48F7231E840B990051DB13 /* RDExtensions.h in Headers */ = {isa = PBXBuildFile; fileRef = 0D48F7211E840B990051DB13 /* RDExtensions.h */; settings = {ATTRIBUTES = (Public, ); }; };
		0D4E61491E8BBDA700785EB9 /* BlockTap.h in Headers */ = {isa = PBXBuildFile; fileRef = 0D4E61471E8BBDA700785EB9 /* BlockTap.h */; };
		0D4E614A1E8BBDA700785EB9 /* BlockTap.m in Sources */ = {isa = PBXBuildFile; fileRef = 0D4E61481E8BBDA700785EB9 /* BlockTap.m */; };
		0DD9D5471E92A362002BB2E1 /* Info.plist in Resources */ = {isa = PBXBuildFile; fileRef = 0DD9D5461E92A362002BB2E1 /* Info.plist */; };
		0DF68AB11E8D50F100367DCE /* BlockLongPress.h in Headers */ = {isa = PBXBuildFile; fileRef = 0DF68AAF1E8D50F100367DCE /* BlockLongPress.h */; };
		0DF68AB21E8D50F100367DCE /* BlockLongPress.m in Sources */ = {isa = PBXBuildFile; fileRef = 0DF68AB01E8D50F100367DCE /* BlockLongPress.m */; };
		0DF68AB51E8D550900367DCE /* BlockPinch.h in Headers */ = {isa = PBXBuildFile; fileRef = 0DF68AB31E8D550900367DCE /* BlockPinch.h */; };
		0DF68AB61E8D550900367DCE /* BlockPinch.m in Sources */ = {isa = PBXBuildFile; fileRef = 0DF68AB41E8D550900367DCE /* BlockPinch.m */; };
		0DF68AB91E8D571900367DCE /* BlockSwipe.h in Headers */ = {isa = PBXBuildFile; fileRef = 0DF68AB71E8D571900367DCE /* BlockSwipe.h */; };
		0DF68ABA1E8D571900367DCE /* BlockSwipe.m in Sources */ = {isa = PBXBuildFile; fileRef = 0DF68AB81E8D571900367DCE /* BlockSwipe.m */; };
		0DF68ABD1E8D58D100367DCE /* BlockPan.h in Headers */ = {isa = PBXBuildFile; fileRef = 0DF68ABB1E8D58D100367DCE /* BlockPan.h */; };
		0DF68ABE1E8D58D100367DCE /* BlockPan.m in Sources */ = {isa = PBXBuildFile; fileRef = 0DF68ABC1E8D58D100367DCE /* BlockPan.m */; };
/* End PBXBuildFile section */

/* Begin PBXFileReference section */
		0D4553961E85511100F967FA /* UIView+Extension.h */ = {isa = PBXFileReference; fileEncoding = 4; lastKnownFileType = sourcecode.c.h; path = "UIView+Extension.h"; sourceTree = "<group>"; };
		0D4553971E85511100F967FA /* UIView+Extension.m */ = {isa = PBXFileReference; fileEncoding = 4; lastKnownFileType = sourcecode.c.objc; path = "UIView+Extension.m"; sourceTree = "<group>"; };
		0D45539A1E85514700F967FA /* UIColor+Extension.h */ = {isa = PBXFileReference; fileEncoding = 4; lastKnownFileType = sourcecode.c.h; path = "UIColor+Extension.h"; sourceTree = "<group>"; };
		0D45539B1E85514700F967FA /* UIColor+Extension.m */ = {isa = PBXFileReference; fileEncoding = 4; lastKnownFileType = sourcecode.c.objc; path = "UIColor+Extension.m"; sourceTree = "<group>"; };
		0D48F71E1E840B990051DB13 /* RDExtensions.framework */ = {isa = PBXFileReference; explicitFileType = wrapper.framework; includeInIndex = 0; path = RDExtensions.framework; sourceTree = BUILT_PRODUCTS_DIR; };
		0D48F7211E840B990051DB13 /* RDExtensions.h */ = {isa = PBXFileReference; lastKnownFileType = sourcecode.c.h; path = RDExtensions.h; sourceTree = "<group>"; };
		0D4E61471E8BBDA700785EB9 /* BlockTap.h */ = {isa = PBXFileReference; fileEncoding = 4; lastKnownFileType = sourcecode.c.h; path = BlockTap.h; sourceTree = "<group>"; };
		0D4E61481E8BBDA700785EB9 /* BlockTap.m */ = {isa = PBXFileReference; fileEncoding = 4; lastKnownFileType = sourcecode.c.objc; path = BlockTap.m; sourceTree = "<group>"; };
		0DD9D5461E92A362002BB2E1 /* Info.plist */ = {isa = PBXFileReference; fileEncoding = 4; lastKnownFileType = text.plist.xml; path = Info.plist; sourceTree = "<group>"; };
		0DF68AAF1E8D50F100367DCE /* BlockLongPress.h */ = {isa = PBXFileReference; fileEncoding = 4; lastKnownFileType = sourcecode.c.h; path = BlockLongPress.h; sourceTree = "<group>"; };
		0DF68AB01E8D50F100367DCE /* BlockLongPress.m */ = {isa = PBXFileReference; fileEncoding = 4; lastKnownFileType = sourcecode.c.objc; path = BlockLongPress.m; sourceTree = "<group>"; };
		0DF68AB31E8D550900367DCE /* BlockPinch.h */ = {isa = PBXFileReference; fileEncoding = 4; lastKnownFileType = sourcecode.c.h; path = BlockPinch.h; sourceTree = "<group>"; };
		0DF68AB41E8D550900367DCE /* BlockPinch.m */ = {isa = PBXFileReference; fileEncoding = 4; lastKnownFileType = sourcecode.c.objc; path = BlockPinch.m; sourceTree = "<group>"; };
		0DF68AB71E8D571900367DCE /* BlockSwipe.h */ = {isa = PBXFileReference; fileEncoding = 4; lastKnownFileType = sourcecode.c.h; path = BlockSwipe.h; sourceTree = "<group>"; };
		0DF68AB81E8D571900367DCE /* BlockSwipe.m */ = {isa = PBXFileReference; fileEncoding = 4; lastKnownFileType = sourcecode.c.objc; path = BlockSwipe.m; sourceTree = "<group>"; };
		0DF68ABB1E8D58D100367DCE /* BlockPan.h */ = {isa = PBXFileReference; fileEncoding = 4; lastKnownFileType = sourcecode.c.h; path = BlockPan.h; sourceTree = "<group>"; };
		0DF68ABC1E8D58D100367DCE /* BlockPan.m */ = {isa = PBXFileReference; fileEncoding = 4; lastKnownFileType = sourcecode.c.objc; path = BlockPan.m; sourceTree = "<group>"; };
/* End PBXFileReference section */

/* Begin PBXFrameworksBuildPhase section */
		0D48F71A1E840B990051DB13 /* Frameworks */ = {
			isa = PBXFrameworksBuildPhase;
			buildActionMask = 2147483647;
			files = (
			);
			runOnlyForDeploymentPostprocessing = 0;
		};
/* End PBXFrameworksBuildPhase section */

/* Begin PBXGroup section */
		0D48F7141E840B990051DB13 = {
			isa = PBXGroup;
			children = (
				0D48F7201E840B990051DB13 /* RDExtensions */,
				0D48F71F1E840B990051DB13 /* Products */,
			);
			sourceTree = "<group>";
		};
		0D48F71F1E840B990051DB13 /* Products */ = {
			isa = PBXGroup;
			children = (
				0D48F71E1E840B990051DB13 /* RDExtensions.framework */,
			);
			name = Products;
			sourceTree = "<group>";
		};
		0D48F7201E840B990051DB13 /* RDExtensions */ = {
			isa = PBXGroup;
			children = (
				0DD9D5461E92A362002BB2E1 /* Info.plist */,
				0D4E61471E8BBDA700785EB9 /* BlockTap.h */,
				0D4E61481E8BBDA700785EB9 /* BlockTap.m */,
				0DF68AAF1E8D50F100367DCE /* BlockLongPress.h */,
				0DF68AB01E8D50F100367DCE /* BlockLongPress.m */,
				0DF68AB31E8D550900367DCE /* BlockPinch.h */,
				0DF68AB41E8D550900367DCE /* BlockPinch.m */,
				0DF68AB71E8D571900367DCE /* BlockSwipe.h */,
				0DF68AB81E8D571900367DCE /* BlockSwipe.m */,
				0DF68ABB1E8D58D100367DCE /* BlockPan.h */,
				0DF68ABC1E8D58D100367DCE /* BlockPan.m */,
				0D45539A1E85514700F967FA /* UIColor+Extension.h */,
				0D45539B1E85514700F967FA /* UIColor+Extension.m */,
				0D4553961E85511100F967FA /* UIView+Extension.h */,
				0D4553971E85511100F967FA /* UIView+Extension.m */,
				0D48F7211E840B990051DB13 /* RDExtensions.h */,
			);
			path = RDExtensions;
			sourceTree = "<group>";
		};
/* End PBXGroup section */

/* Begin PBXHeadersBuildPhase section */
		0D48F71B1E840B990051DB13 /* Headers */ = {
			isa = PBXHeadersBuildPhase;
			buildActionMask = 2147483647;
			files = (
				0DF68AB91E8D571900367DCE /* BlockSwipe.h in Headers */,
				0D4E61491E8BBDA700785EB9 /* BlockTap.h in Headers */,
				0DF68ABD1E8D58D100367DCE /* BlockPan.h in Headers */,
				0D4553981E85511100F967FA /* UIView+Extension.h in Headers */,
				0DF68AB11E8D50F100367DCE /* BlockLongPress.h in Headers */,
				0DF68AB51E8D550900367DCE /* BlockPinch.h in Headers */,
				0D45539C1E85514700F967FA /* UIColor+Extension.h in Headers */,
				0D48F7231E840B990051DB13 /* RDExtensions.h in Headers */,
			);
			runOnlyForDeploymentPostprocessing = 0;
		};
/* End PBXHeadersBuildPhase section */

/* Begin PBXNativeTarget section */
		0D48F71D1E840B990051DB13 /* RDExtensions */ = {
			isa = PBXNativeTarget;
			buildConfigurationList = 0D48F7261E840B990051DB13 /* Build configuration list for PBXNativeTarget "RDExtensions" */;
			buildPhases = (
				0D48F7191E840B990051DB13 /* Sources */,
				0D48F71A1E840B990051DB13 /* Frameworks */,
				0D48F71B1E840B990051DB13 /* Headers */,
				0D48F71C1E840B990051DB13 /* Resources */,
			);
			buildRules = (
			);
			dependencies = (
			);
			name = RDExtensions;
			productName = RDExtensions;
			productReference = 0D48F71E1E840B990051DB13 /* RDExtensions.framework */;
			productType = "com.apple.product-type.framework";
		};
/* End PBXNativeTarget section */

/* Begin PBXProject section */
		0D48F7151E840B990051DB13 /* Project object */ = {
			isa = PBXProject;
			attributes = {
				LastUpgradeCheck = 0820;
				ORGANIZATIONNAME = ChengYaojun;
				TargetAttributes = {
					0D48F71D1E840B990051DB13 = {
						CreatedOnToolsVersion = 8.2.1;
						ProvisioningStyle = Automatic;
					};
				};
			};
			buildConfigurationList = 0D48F7181E840B990051DB13 /* Build configuration list for PBXProject "RDExtensions" */;
			compatibilityVersion = "Xcode 3.2";
			developmentRegion = English;
			hasScannedForEncodings = 0;
			knownRegions = (
				en,
			);
			mainGroup = 0D48F7141E840B990051DB13;
			productRefGroup = 0D48F71F1E840B990051DB13 /* Products */;
			projectDirPath = "";
			projectRoot = "";
			targets = (
				0D48F71D1E840B990051DB13 /* RDExtensions */,
			);
		};
/* End PBXProject section */

/* Begin PBXResourcesBuildPhase section */
		0D48F71C1E840B990051DB13 /* Resources */ = {
			isa = PBXResourcesBuildPhase;
			buildActionMask = 2147483647;
			files = (
				0DD9D5471E92A362002BB2E1 /* Info.plist in Resources */,
			);
			runOnlyForDeploymentPostprocessing = 0;
		};
/* End PBXResourcesBuildPhase section */

/* Begin PBXSourcesBuildPhase section */
		0D48F7191E840B990051DB13 /* Sources */ = {
			isa = PBXSourcesBuildPhase;
			buildActionMask = 2147483647;
			files = (
				0D4553991E85511100F967FA /* UIView+Extension.m in Sources */,
				0DF68AB61E8D550900367DCE /* BlockPinch.m in Sources */,
				0DF68ABE1E8D58D100367DCE /* BlockPan.m in Sources */,
				0DF68ABA1E8D571900367DCE /* BlockSwipe.m in Sources */,
				0D45539D1E85514700F967FA /* UIColor+Extension.m in Sources */,
				0D4E614A1E8BBDA700785EB9 /* BlockTap.m in Sources */,
				0DF68AB21E8D50F100367DCE /* BlockLongPress.m in Sources */,
			);
			runOnlyForDeploymentPostprocessing = 0;
		};
/* End PBXSourcesBuildPhase section */

/* Begin XCBuildConfiguration section */
		0D48F7241E840B990051DB13 /* Debug */ = {
			isa = XCBuildConfiguration;
			buildSettings = {
				ALWAYS_SEARCH_USER_PATHS = NO;
				CLANG_ANALYZER_NONNULL = YES;
				CLANG_CXX_LANGUAGE_STANDARD = "gnu++0x";
				CLANG_CXX_LIBRARY = "libc++";
				CLANG_ENABLE_MODULES = YES;
				CLANG_ENABLE_OBJC_ARC = YES;
				CLANG_WARN_BOOL_CONVERSION = YES;
				CLANG_WARN_CONSTANT_CONVERSION = YES;
				CLANG_WARN_DIRECT_OBJC_ISA_USAGE = YES_ERROR;
				CLANG_WARN_DOCUMENTATION_COMMENTS = YES;
				CLANG_WARN_EMPTY_BODY = YES;
				CLANG_WARN_ENUM_CONVERSION = YES;
				CLANG_WARN_INFINITE_RECURSION = YES;
				CLANG_WARN_INT_CONVERSION = YES;
				CLANG_WARN_OBJC_ROOT_CLASS = YES_ERROR;
				CLANG_WARN_SUSPICIOUS_MOVE = YES;
				CLANG_WARN_UNREACHABLE_CODE = YES;
				CLANG_WARN__DUPLICATE_METHOD_MATCH = YES;
				"CODE_SIGN_IDENTITY[sdk=iphoneos*]" = "iPhone Developer";
				COPY_PHASE_STRIP = NO;
				CURRENT_PROJECT_VERSION = 1;
				DEBUG_INFORMATION_FORMAT = dwarf;
				ENABLE_STRICT_OBJC_MSGSEND = YES;
				ENABLE_TESTABILITY = YES;
				GCC_C_LANGUAGE_STANDARD = gnu99;
				GCC_DYNAMIC_NO_PIC = NO;
				GCC_NO_COMMON_BLOCKS = YES;
				GCC_OPTIMIZATION_LEVEL = 0;
				GCC_PREPROCESSOR_DEFINITIONS = (
					"DEBUG=1",
					"$(inherited)",
				);
				GCC_WARN_64_TO_32_BIT_CONVERSION = YES;
				GCC_WARN_ABOUT_RETURN_TYPE = YES_ERROR;
				GCC_WARN_UNDECLARED_SELECTOR = YES;
				GCC_WARN_UNINITIALIZED_AUTOS = YES_AGGRESSIVE;
				GCC_WARN_UNUSED_FUNCTION = YES;
				GCC_WARN_UNUSED_VARIABLE = YES;
				IPHONEOS_DEPLOYMENT_TARGET = 10.2;
				MTL_ENABLE_DEBUG_INFO = YES;
				ONLY_ACTIVE_ARCH = YES;
				SDKROOT = iphoneos;
				TARGETED_DEVICE_FAMILY = "1,2";
				VERSIONING_SYSTEM = "apple-generic";
				VERSION_INFO_PREFIX = "";
			};
			name = Debug;
		};
		0D48F7251E840B990051DB13 /* Release */ = {
			isa = XCBuildConfiguration;
			buildSettings = {
				ALWAYS_SEARCH_USER_PATHS = NO;
				CLANG_ANALYZER_NONNULL = YES;
				CLANG_CXX_LANGUAGE_STANDARD = "gnu++0x";
				CLANG_CXX_LIBRARY = "libc++";
				CLANG_ENABLE_MODULES = YES;
				CLANG_ENABLE_OBJC_ARC = YES;
				CLANG_WARN_BOOL_CONVERSION = YES;
				CLANG_WARN_CONSTANT_CONVERSION = YES;
				CLANG_WARN_DIRECT_OBJC_ISA_USAGE = YES_ERROR;
				CLANG_WARN_DOCUMENTATION_COMMENTS = YES;
				CLANG_WARN_EMPTY_BODY = YES;
				CLANG_WARN_ENUM_CONVERSION = YES;
				CLANG_WARN_INFINITE_RECURSION = YES;
				CLANG_WARN_INT_CONVERSION = YES;
				CLANG_WARN_OBJC_ROOT_CLASS = YES_ERROR;
				CLANG_WARN_SUSPICIOUS_MOVE = YES;
				CLANG_WARN_UNREACHABLE_CODE = YES;
				CLANG_WARN__DUPLICATE_METHOD_MATCH = YES;
				"CODE_SIGN_IDENTITY[sdk=iphoneos*]" = "iPhone Developer";
				COPY_PHASE_STRIP = NO;
				CURRENT_PROJECT_VERSION = 1;
				DEBUG_INFORMATION_FORMAT = "dwarf-with-dsym";
				ENABLE_NS_ASSERTIONS = NO;
				ENABLE_STRICT_OBJC_MSGSEND = YES;
				GCC_C_LANGUAGE_STANDARD = gnu99;
				GCC_NO_COMMON_BLOCKS = YES;
				GCC_WARN_64_TO_32_BIT_CONVERSION = YES;
				GCC_WARN_ABOUT_RETURN_TYPE = YES_ERROR;
				GCC_WARN_UNDECLARED_SELECTOR = YES;
				GCC_WARN_UNINITIALIZED_AUTOS = YES_AGGRESSIVE;
				GCC_WARN_UNUSED_FUNCTION = YES;
				GCC_WARN_UNUSED_VARIABLE = YES;
				IPHONEOS_DEPLOYMENT_TARGET = 10.2;
				MTL_ENABLE_DEBUG_INFO = NO;
				SDKROOT = iphoneos;
				TARGETED_DEVICE_FAMILY = "1,2";
				VALIDATE_PRODUCT = YES;
				VERSIONING_SYSTEM = "apple-generic";
				VERSION_INFO_PREFIX = "";
			};
			name = Release;
		};
		0D48F7271E840B990051DB13 /* Debug */ = {
			isa = XCBuildConfiguration;
			buildSettings = {
				CODE_SIGN_IDENTITY = "";
				DEFINES_MODULE = YES;
				DYLIB_COMPATIBILITY_VERSION = 1;
				DYLIB_CURRENT_VERSION = 1;
				DYLIB_INSTALL_NAME_BASE = "@rpath";
				INFOPLIST_FILE = RDExtensions/Info.plist;
				INSTALL_PATH = "$(LOCAL_LIBRARY_DIR)/Frameworks";
				LD_RUNPATH_SEARCH_PATHS = "$(inherited) @executable_path/Frameworks @loader_path/Frameworks";
				MACH_O_TYPE = staticlib;
				PRODUCT_BUNDLE_IDENTIFIER = Ryder.RDExtensions;
				PRODUCT_NAME = "$(TARGET_NAME)";
				SKIP_INSTALL = YES;
			};
			name = Debug;
		};
		0D48F7281E840B990051DB13 /* Release */ = {
			isa = XCBuildConfiguration;
			buildSettings = {
				CODE_SIGN_IDENTITY = "";
				DEFINES_MODULE = YES;
				DYLIB_COMPATIBILITY_VERSION = 1;
				DYLIB_CURRENT_VERSION = 1;
				DYLIB_INSTALL_NAME_BASE = "@rpath";
				INFOPLIST_FILE = RDExtensions/Info.plist;
				INSTALL_PATH = "$(LOCAL_LIBRARY_DIR)/Frameworks";
				LD_RUNPATH_SEARCH_PATHS = "$(inherited) @executable_path/Frameworks @loader_path/Frameworks";
				MACH_O_TYPE = staticlib;
				PRODUCT_BUNDLE_IDENTIFIER = Ryder.RDExtensions;
				PRODUCT_NAME = "$(TARGET_NAME)";
				SKIP_INSTALL = YES;
			};
			name = Release;
		};
/* End XCBuildConfiguration section */

/* Begin XCConfigurationList section */
		0D48F7181E840B990051DB13 /* Build configuration list for PBXProject "RDExtensions" */ = {
			isa = XCConfigurationList;
			buildConfigurations = (
				0D48F7241E840B990051DB13 /* Debug */,
				0D48F7251E840B990051DB13 /* Release */,
			);
			defaultConfigurationIsVisible = 0;
			defaultConfigurationName = Release;
		};
		0D48F7261E840B990051DB13 /* Build configuration list for PBXNativeTarget "RDExtensions" */ = {
			isa = XCConfigurationList;
			buildConfigurations = (
				0D48F7271E840B990051DB13 /* Debug */,
				0D48F7281E840B990051DB13 /* Release */,
			);
			defaultConfigurationIsVisible = 0;
			defaultConfigurationName = Release;
		};
/* End XCConfigurationList section */
	};
	rootObject = 0D48F7151E840B990051DB13 /* Project object */;
}
